
Microsoft Visual Studio Solution File, Format Version 12.00
# Visual Studio Version 16
VisualStudioVersion = 16.0.30907.101
MinimumVisualStudioVersion = 10.0.40219.1
Project("{FAE04EC0-301F-11D3-BF4B-00C04F79EFBC}") = "P03_FootballBetting", "P03_FootballBetting\P03_FootballBetting.csproj", "{1B6CC58E-4583-4809-8103-B7C237B77E2F}"
EndProject
Project("{FAE04EC0-301F-11D3-BF4B-00C04F79EFBC}") = "P03_FootballBetting.Data", "P03_FootballBetting.Data\P03_FootballBetting.Data.csproj", "{246B0BEB-FF98-4864-9BA4-33029565F517}"
EndProject
Project("{FAE04EC0-301F-11D3-BF4B-00C04F79EFBC}") = "P03_FootballBetting.Data.Models", "P03_FootballBetting.Data.Models\P03_FootballBetting.Data.Models.csproj", "{228A46DF-1385-4A8B-B57B-C79E6BE69CD5}"
EndProject
Global
	GlobalSection(SolutionConfigurationPlatforms) = preSolution
		Debug|Any CPU = Debug|Any CPU
		Release|Any CPU = Release|Any CPU
	EndGlobalSection
	GlobalSection(ProjectConfigurationPlatforms) = postSolution
		{1B6CC58E-4583-4809-8103-B7C237B77E2F}.Debug|Any CPU.ActiveCfg = Debug|Any CPU
		{1B6CC58E-4583-4809-8103-B7C237B77E2F}.Debug|Any CPU.Build.0 = Debug|Any CPU
		{1B6CC58E-4583-4809-8103-B7C237B77E2F}.Release|Any CPU.ActiveCfg = Release|Any CPU
		{1B6CC58E-4583-4809-8103-B7C237B77E2F}.Release|Any CPU.Build.0 = Release|Any CPU
		{246B0BEB-FF98-4864-9BA4-33029565F517}.Debug|Any CPU.ActiveCfg = Debug|Any CPU
		{246B0BEB-FF98-4864-9BA4-33029565F517}.Debug|Any CPU.Build.0 = Debug|Any CPU
		{246B0BEB-FF98-4864-9BA4-33029565F517}.Release|Any CPU.ActiveCfg = Release|Any CPU
		{246B0BEB-FF98-4864-9BA4-33029565F517}.Release|Any CPU.Build.0 = Release|Any CPU
		{228A46DF-1385-4A8B-B57B-C79E6BE69CD5}.Debug|Any CPU.ActiveCfg = Debug|Any CPU
		{228A46DF-1385-4A8B-B57B-C79E6BE69CD5}.Debug|Any CPU.Build.0 = Debug|Any CPU
		{228A46DF-1385-4A8B-B57B-C79E6BE69CD5}.Release|Any CPU.ActiveCfg = Release|Any CPU
		{228A46DF-1385-4A8B-B57B-C79E6BE69CD5}.Release|Any CPU.Build.0 = Release|Any CPU
	EndGlobalSection
	GlobalSection(SolutionProperties) = preSolution
		HideSolutionNode = FALSE
	EndGlobalSection
	GlobalSection(ExtensibilityGlobals) = postSolution
		SolutionGuid = {EA33A2B3-BC89-44F6-AC47-74E59CB88386}
	EndGlobalSection
EndGlobal
